// !$*UTF8*$!
{
	archiveVersion = 1;
	classes = {
	};
	objectVersion = 55;
	objects = {

/* Begin PBXBuildFile section */
		410DFF27271BFAA600B8358C /* Profile.swift in Sources */ = {isa = PBXBuildFile; fileRef = 410DFF26271BFAA600B8358C /* Profile.swift */; };
		410DFF2A271BFBE100B8358C /* ProfileHost.swift in Sources */ = {isa = PBXBuildFile; fileRef = 410DFF29271BFBE100B8358C /* ProfileHost.swift */; };
		410DFF2C271BFC2100B8358C /* ProfileSummary.swift in Sources */ = {isa = PBXBuildFile; fileRef = 410DFF2B271BFC2100B8358C /* ProfileSummary.swift */; };
		410DFF2E271BFD1B00B8358C /* HikeBadge.swift in Sources */ = {isa = PBXBuildFile; fileRef = 410DFF2D271BFD1B00B8358C /* HikeBadge.swift */; };
		410DFF30271C02E200B8358C /* ProfileEditor.swift in Sources */ = {isa = PBXBuildFile; fileRef = 410DFF2F271C02E200B8358C /* ProfileEditor.swift */; };
		413B978C27179034007B3F00 /* LandmarksApp.swift in Sources */ = {isa = PBXBuildFile; fileRef = 413B978B27179034007B3F00 /* LandmarksApp.swift */; };
		413B978E27179034007B3F00 /* ContentView.swift in Sources */ = {isa = PBXBuildFile; fileRef = 413B978D27179034007B3F00 /* ContentView.swift */; };
		413B979027179035007B3F00 /* Assets.xcassets in Resources */ = {isa = PBXBuildFile; fileRef = 413B978F27179035007B3F00 /* Assets.xcassets */; };
		413B979327179035007B3F00 /* Preview Assets.xcassets in Resources */ = {isa = PBXBuildFile; fileRef = 413B979227179035007B3F00 /* Preview Assets.xcassets */; };
		413B979527179035007B3F00 /* Persistence.swift in Sources */ = {isa = PBXBuildFile; fileRef = 413B979427179035007B3F00 /* Persistence.swift */; };
		413B979827179035007B3F00 /* Landmarks.xcdatamodeld in Sources */ = {isa = PBXBuildFile; fileRef = 413B979627179035007B3F00 /* Landmarks.xcdatamodeld */; };
		413B97A227179036007B3F00 /* LandmarksTests.swift in Sources */ = {isa = PBXBuildFile; fileRef = 413B97A127179036007B3F00 /* LandmarksTests.swift */; };
		413B97AC27179036007B3F00 /* LandmarksUITests.swift in Sources */ = {isa = PBXBuildFile; fileRef = 413B97AB27179036007B3F00 /* LandmarksUITests.swift */; };
		413B97AE27179036007B3F00 /* LandmarksUITestsLaunchTests.swift in Sources */ = {isa = PBXBuildFile; fileRef = 413B97AD27179036007B3F00 /* LandmarksUITestsLaunchTests.swift */; };
		413B97BB271798C6007B3F00 /* CircleImage.swift in Sources */ = {isa = PBXBuildFile; fileRef = 413B97BA271798C6007B3F00 /* CircleImage.swift */; };
		413B97BD27179A51007B3F00 /* MapView.swift in Sources */ = {isa = PBXBuildFile; fileRef = 413B97BC27179A51007B3F00 /* MapView.swift */; };
		413B97BF27179F82007B3F00 /* landmarkData.json in Resources */ = {isa = PBXBuildFile; fileRef = 413B97BE27179F82007B3F00 /* landmarkData.json */; };
		413B97C327179FCD007B3F00 /* Landmark.swift in Sources */ = {isa = PBXBuildFile; fileRef = 413B97C227179FCD007B3F00 /* Landmark.swift */; };
		413B97DB2717B7B8007B3F00 /* ModelData.swift in Sources */ = {isa = PBXBuildFile; fileRef = 413B97DA2717B7B8007B3F00 /* ModelData.swift */; };
		413B97E02717BF71007B3F00 /* LandmarkRow.swift in Sources */ = {isa = PBXBuildFile; fileRef = 413B97DF2717BF71007B3F00 /* LandmarkRow.swift */; };
		413BD14027180D0B0022AFF1 /* LandmarkList.swift in Sources */ = {isa = PBXBuildFile; fileRef = 413BD13F27180D0B0022AFF1 /* LandmarkList.swift */; };
		413BD142271810620022AFF1 /* LandmarkDetail.swift in Sources */ = {isa = PBXBuildFile; fileRef = 413BD141271810620022AFF1 /* LandmarkDetail.swift */; };
		413BD1442718241E0022AFF1 /* FavoriteButton.swift in Sources */ = {isa = PBXBuildFile; fileRef = 413BD1432718241E0022AFF1 /* FavoriteButton.swift */; };
		416514002718E44100F93575 /* HexagonParameters.swift in Sources */ = {isa = PBXBuildFile; fileRef = 416513FF2718E44100F93575 /* HexagonParameters.swift */; };
		416514022718E5D300F93575 /* BadgeBackground.swift in Sources */ = {isa = PBXBuildFile; fileRef = 416514012718E5D300F93575 /* BadgeBackground.swift */; };
		416514042718EEB200F93575 /* BadgeSymbol.swift in Sources */ = {isa = PBXBuildFile; fileRef = 416514032718EEB200F93575 /* BadgeSymbol.swift */; };
		416514062718F0BA00F93575 /* RotatedBadgeSymbol.swift in Sources */ = {isa = PBXBuildFile; fileRef = 416514052718F0BA00F93575 /* RotatedBadgeSymbol.swift */; };
		416514082718F11500F93575 /* Badge.swift in Sources */ = {isa = PBXBuildFile; fileRef = 416514072718F11500F93575 /* Badge.swift */; };
		4165140B2718FF1600F93575 /* hikeData.json in Resources */ = {isa = PBXBuildFile; fileRef = 4165140A2718FF1600F93575 /* hikeData.json */; };
		4165140E2718FF3700F93575 /* Hike.swift in Sources */ = {isa = PBXBuildFile; fileRef = 4165140D2718FF3700F93575 /* Hike.swift */; };
		416514162719003400F93575 /* GraphCapsule.swift in Sources */ = {isa = PBXBuildFile; fileRef = 416514122719003400F93575 /* GraphCapsule.swift */; };
		416514172719003400F93575 /* HikeGraph.swift in Sources */ = {isa = PBXBuildFile; fileRef = 416514132719003400F93575 /* HikeGraph.swift */; };
		416514182719003400F93575 /* HikeDetail.swift in Sources */ = {isa = PBXBuildFile; fileRef = 416514142719003400F93575 /* HikeDetail.swift */; };
		416514192719003400F93575 /* HikeView.swift in Sources */ = {isa = PBXBuildFile; fileRef = 416514152719003400F93575 /* HikeView.swift */; };
		4165141D27190F7E00F93575 /* CategoryHome.swift in Sources */ = {isa = PBXBuildFile; fileRef = 4165141C27190F7E00F93575 /* CategoryHome.swift */; };
		4165141F2719158500F93575 /* CategoryRow.swift in Sources */ = {isa = PBXBuildFile; fileRef = 4165141E2719158500F93575 /* CategoryRow.swift */; };
		41651421271917A100F93575 /* CategoryItem.swift in Sources */ = {isa = PBXBuildFile; fileRef = 41651420271917A100F93575 /* CategoryItem.swift */; };
		41A71180271E8F30003DBF3A /* PageViewController.swift in Sources */ = {isa = PBXBuildFile; fileRef = 41A7117F271E8F30003DBF3A /* PageViewController.swift */; };
		41A71182271E93F2003DBF3A /* FeatureCard.swift in Sources */ = {isa = PBXBuildFile; fileRef = 41A71181271E93F2003DBF3A /* FeatureCard.swift */; };
		41A71184271E9B22003DBF3A /* PageView.swift in Sources */ = {isa = PBXBuildFile; fileRef = 41A71183271E9B22003DBF3A /* PageView.swift */; };
		41A71186271EA17E003DBF3A /* PageControl.swift in Sources */ = {isa = PBXBuildFile; fileRef = 41A71185271EA17E003DBF3A /* PageControl.swift */; };
/* End PBXBuildFile section */

/* Begin PBXContainerItemProxy section */
		413B979E27179036007B3F00 /* PBXContainerItemProxy */ = {
			isa = PBXContainerItemProxy;
			containerPortal = 413B978027179034007B3F00 /* Project object */;
			proxyType = 1;
			remoteGlobalIDString = 413B978727179034007B3F00;
			remoteInfo = Landmarks;
		};
		413B97A827179036007B3F00 /* PBXContainerItemProxy */ = {
			isa = PBXContainerItemProxy;
			containerPortal = 413B978027179034007B3F00 /* Project object */;
			proxyType = 1;
			remoteGlobalIDString = 413B978727179034007B3F00;
			remoteInfo = Landmarks;
		};
/* End PBXContainerItemProxy section */

/* Begin PBXFileReference section */
		410DFF26271BFAA600B8358C /* Profile.swift */ = {isa = PBXFileReference; lastKnownFileType = sourcecode.swift; path = Profile.swift; sourceTree = "<group>"; };
		410DFF29271BFBE100B8358C /* ProfileHost.swift */ = {isa = PBXFileReference; lastKnownFileType = sourcecode.swift; path = ProfileHost.swift; sourceTree = "<group>"; };
		410DFF2B271BFC2100B8358C /* ProfileSummary.swift */ = {isa = PBXFileReference; lastKnownFileType = sourcecode.swift; path = ProfileSummary.swift; sourceTree = "<group>"; };
		410DFF2D271BFD1B00B8358C /* HikeBadge.swift */ = {isa = PBXFileReference; lastKnownFileType = sourcecode.swift; path = HikeBadge.swift; sourceTree = "<group>"; };
		410DFF2F271C02E200B8358C /* ProfileEditor.swift */ = {isa = PBXFileReference; lastKnownFileType = sourcecode.swift; path = ProfileEditor.swift; sourceTree = "<group>"; };
		413B978827179034007B3F00 /* Landmarks.app */ = {isa = PBXFileReference; explicitFileType = wrapper.application; includeInIndex = 0; path = Landmarks.app; sourceTree = BUILT_PRODUCTS_DIR; };
		413B978B27179034007B3F00 /* LandmarksApp.swift */ = {isa = PBXFileReference; lastKnownFileType = sourcecode.swift; path = LandmarksApp.swift; sourceTree = "<group>"; };
		413B978D27179034007B3F00 /* ContentView.swift */ = {isa = PBXFileReference; lastKnownFileType = sourcecode.swift; path = ContentView.swift; sourceTree = "<group>"; };
		413B978F27179035007B3F00 /* Assets.xcassets */ = {isa = PBXFileReference; lastKnownFileType = folder.assetcatalog; path = Assets.xcassets; sourceTree = "<group>"; };
		413B979227179035007B3F00 /* Preview Assets.xcassets */ = {isa = PBXFileReference; lastKnownFileType = folder.assetcatalog; path = "Preview Assets.xcassets"; sourceTree = "<group>"; };
		413B979427179035007B3F00 /* Persistence.swift */ = {isa = PBXFileReference; lastKnownFileType = sourcecode.swift; path = Persistence.swift; sourceTree = "<group>"; };
		413B979727179035007B3F00 /* Landmarks.xcdatamodel */ = {isa = PBXFileReference; lastKnownFileType = wrapper.xcdatamodel; path = Landmarks.xcdatamodel; sourceTree = "<group>"; };
		413B979D27179036007B3F00 /* LandmarksTests.xctest */ = {isa = PBXFileReference; explicitFileType = wrapper.cfbundle; includeInIndex = 0; path = LandmarksTests.xctest; sourceTree = BUILT_PRODUCTS_DIR; };
		413B97A127179036007B3F00 /* LandmarksTests.swift */ = {isa = PBXFileReference; lastKnownFileType = sourcecode.swift; path = LandmarksTests.swift; sourceTree = "<group>"; };
		413B97A727179036007B3F00 /* LandmarksUITests.xctest */ = {isa = PBXFileReference; explicitFileType = wrapper.cfbundle; includeInIndex = 0; path = LandmarksUITests.xctest; sourceTree = BUILT_PRODUCTS_DIR; };
		413B97AB27179036007B3F00 /* LandmarksUITests.swift */ = {isa = PBXFileReference; lastKnownFileType = sourcecode.swift; path = LandmarksUITests.swift; sourceTree = "<group>"; };
		413B97AD27179036007B3F00 /* LandmarksUITestsLaunchTests.swift */ = {isa = PBXFileReference; lastKnownFileType = sourcecode.swift; path = LandmarksUITestsLaunchTests.swift; sourceTree = "<group>"; };
		413B97BA271798C6007B3F00 /* CircleImage.swift */ = {isa = PBXFileReference; lastKnownFileType = sourcecode.swift; path = CircleImage.swift; sourceTree = "<group>"; };
		413B97BC27179A51007B3F00 /* MapView.swift */ = {isa = PBXFileReference; lastKnownFileType = sourcecode.swift; path = MapView.swift; sourceTree = "<group>"; };
		413B97BE27179F82007B3F00 /* landmarkData.json */ = {isa = PBXFileReference; fileEncoding = 4; lastKnownFileType = text.json; path = landmarkData.json; sourceTree = "<group>"; };
		413B97C227179FCD007B3F00 /* Landmark.swift */ = {isa = PBXFileReference; lastKnownFileType = sourcecode.swift; path = Landmark.swift; sourceTree = "<group>"; };
		413B97DA2717B7B8007B3F00 /* ModelData.swift */ = {isa = PBXFileReference; lastKnownFileType = sourcecode.swift; path = ModelData.swift; sourceTree = "<group>"; };
		413B97DF2717BF71007B3F00 /* LandmarkRow.swift */ = {isa = PBXFileReference; lastKnownFileType = sourcecode.swift; path = LandmarkRow.swift; sourceTree = "<group>"; };
		413BD13F27180D0B0022AFF1 /* LandmarkList.swift */ = {isa = PBXFileReference; lastKnownFileType = sourcecode.swift; path = LandmarkList.swift; sourceTree = "<group>"; };
		413BD141271810620022AFF1 /* LandmarkDetail.swift */ = {isa = PBXFileReference; lastKnownFileType = sourcecode.swift; path = LandmarkDetail.swift; sourceTree = "<group>"; };
		413BD1432718241E0022AFF1 /* FavoriteButton.swift */ = {isa = PBXFileReference; lastKnownFileType = sourcecode.swift; path = FavoriteButton.swift; sourceTree = "<group>"; };
		416513FF2718E44100F93575 /* HexagonParameters.swift */ = {isa = PBXFileReference; lastKnownFileType = sourcecode.swift; path = HexagonParameters.swift; sourceTree = "<group>"; };
		416514012718E5D300F93575 /* BadgeBackground.swift */ = {isa = PBXFileReference; lastKnownFileType = sourcecode.swift; path = BadgeBackground.swift; sourceTree = "<group>"; };
		416514032718EEB200F93575 /* BadgeSymbol.swift */ = {isa = PBXFileReference; lastKnownFileType = sourcecode.swift; path = BadgeSymbol.swift; sourceTree = "<group>"; };
		416514052718F0BA00F93575 /* RotatedBadgeSymbol.swift */ = {isa = PBXFileReference; lastKnownFileType = sourcecode.swift; path = RotatedBadgeSymbol.swift; sourceTree = "<group>"; };
		416514072718F11500F93575 /* Badge.swift */ = {isa = PBXFileReference; lastKnownFileType = sourcecode.swift; path = Badge.swift; sourceTree = "<group>"; };
		4165140A2718FF1600F93575 /* hikeData.json */ = {isa = PBXFileReference; fileEncoding = 4; lastKnownFileType = text.json; path = hikeData.json; sourceTree = "<group>"; };
		4165140D2718FF3700F93575 /* Hike.swift */ = {isa = PBXFileReference; lastKnownFileType = sourcecode.swift; path = Hike.swift; sourceTree = "<group>"; };
		416514122719003400F93575 /* GraphCapsule.swift */ = {isa = PBXFileReference; fileEncoding = 4; lastKnownFileType = sourcecode.swift; path = GraphCapsule.swift; sourceTree = "<group>"; };
		416514132719003400F93575 /* HikeGraph.swift */ = {isa = PBXFileReference; fileEncoding = 4; lastKnownFileType = sourcecode.swift; path = HikeGraph.swift; sourceTree = "<group>"; };
		416514142719003400F93575 /* HikeDetail.swift */ = {isa = PBXFileReference; fileEncoding = 4; lastKnownFileType = sourcecode.swift; path = HikeDetail.swift; sourceTree = "<group>"; };
		416514152719003400F93575 /* HikeView.swift */ = {isa = PBXFileReference; fileEncoding = 4; lastKnownFileType = sourcecode.swift; path = HikeView.swift; sourceTree = "<group>"; };
		4165141C27190F7E00F93575 /* CategoryHome.swift */ = {isa = PBXFileReference; lastKnownFileType = sourcecode.swift; path = CategoryHome.swift; sourceTree = "<group>"; };
		4165141E2719158500F93575 /* CategoryRow.swift */ = {isa = PBXFileReference; lastKnownFileType = sourcecode.swift; path = CategoryRow.swift; sourceTree = "<group>"; };
		41651420271917A100F93575 /* CategoryItem.swift */ = {isa = PBXFileReference; lastKnownFileType = sourcecode.swift; path = CategoryItem.swift; sourceTree = "<group>"; };
		41A7117F271E8F30003DBF3A /* PageViewController.swift */ = {isa = PBXFileReference; lastKnownFileType = sourcecode.swift; path = PageViewController.swift; sourceTree = "<group>"; };
		41A71181271E93F2003DBF3A /* FeatureCard.swift */ = {isa = PBXFileReference; lastKnownFileType = sourcecode.swift; path = FeatureCard.swift; sourceTree = "<group>"; };
		41A71183271E9B22003DBF3A /* PageView.swift */ = {isa = PBXFileReference; lastKnownFileType = sourcecode.swift; path = PageView.swift; sourceTree = "<group>"; };
		41A71185271EA17E003DBF3A /* PageControl.swift */ = {isa = PBXFileReference; lastKnownFileType = sourcecode.swift; path = PageControl.swift; sourceTree = "<group>"; };
/* End PBXFileReference section */

/* Begin PBXFrameworksBuildPhase section */
		413B978527179034007B3F00 /* Frameworks */ = {
			isa = PBXFrameworksBuildPhase;
			buildActionMask = 2147483647;
			files = (
			);
			runOnlyForDeploymentPostprocessing = 0;
		};
		413B979A27179036007B3F00 /* Frameworks */ = {
			isa = PBXFrameworksBuildPhase;
			buildActionMask = 2147483647;
			files = (
			);
			runOnlyForDeploymentPostprocessing = 0;
		};
		413B97A427179036007B3F00 /* Frameworks */ = {
			isa = PBXFrameworksBuildPhase;
			buildActionMask = 2147483647;
			files = (
			);
			runOnlyForDeploymentPostprocessing = 0;
		};
/* End PBXFrameworksBuildPhase section */

/* Begin PBXGroup section */
		410DFF28271BFBCD00B8358C /* Profiles */ = {
			isa = PBXGroup;
			children = (
				410DFF29271BFBE100B8358C /* ProfileHost.swift */,
				410DFF2B271BFC2100B8358C /* ProfileSummary.swift */,
				410DFF2F271C02E200B8358C /* ProfileEditor.swift */,
			);
			path = Profiles;
			sourceTree = "<group>";
		};
		413B977F27179034007B3F00 = {
			isa = PBXGroup;
			children = (
				413B978A27179034007B3F00 /* Landmarks */,
				413B97A027179036007B3F00 /* LandmarksTests */,
				413B97AA27179036007B3F00 /* LandmarksUITests */,
				413B978927179034007B3F00 /* Products */,
			);
			sourceTree = "<group>";
		};
		413B978927179034007B3F00 /* Products */ = {
			isa = PBXGroup;
			children = (
				413B978827179034007B3F00 /* Landmarks.app */,
				413B979D27179036007B3F00 /* LandmarksTests.xctest */,
				413B97A727179036007B3F00 /* LandmarksUITests.xctest */,
			);
			name = Products;
			sourceTree = "<group>";
		};
		413B978A27179034007B3F00 /* Landmarks */ = {
			isa = PBXGroup;
			children = (
				413B97DE2717B8DC007B3F00 /* Resources */,
				413B97DD2717B8AC007B3F00 /* Model */,
				413B97DC2717B856007B3F00 /* Views */,
				413B978B27179034007B3F00 /* LandmarksApp.swift */,
				413B978F27179035007B3F00 /* Assets.xcassets */,
				413B979427179035007B3F00 /* Persistence.swift */,
				413B979627179035007B3F00 /* Landmarks.xcdatamodeld */,
				413B979127179035007B3F00 /* Preview Content */,
			);
			path = Landmarks;
			sourceTree = "<group>";
		};
		413B979127179035007B3F00 /* Preview Content */ = {
			isa = PBXGroup;
			children = (
				413B979227179035007B3F00 /* Preview Assets.xcassets */,
			);
			path = "Preview Content";
			sourceTree = "<group>";
		};
		413B97A027179036007B3F00 /* LandmarksTests */ = {
			isa = PBXGroup;
			children = (
				413B97A127179036007B3F00 /* LandmarksTests.swift */,
			);
			path = LandmarksTests;
			sourceTree = "<group>";
		};
		413B97AA27179036007B3F00 /* LandmarksUITests */ = {
			isa = PBXGroup;
			children = (
				413B97AB27179036007B3F00 /* LandmarksUITests.swift */,
				413B97AD27179036007B3F00 /* LandmarksUITestsLaunchTests.swift */,
			);
			path = LandmarksUITests;
			sourceTree = "<group>";
		};
		413B97DC2717B856007B3F00 /* Views */ = {
			isa = PBXGroup;
			children = (
				41A7117E271E8F14003DBF3A /* PageView */,
				410DFF28271BFBCD00B8358C /* Profiles */,
				4165141B27190F6D00F93575 /* Categories */,
				416514112719003400F93575 /* Hikes */,
				416514092718F65B00F93575 /* Badges */,
				413BD146271824E90022AFF1 /* Landmarks */,
				413BD145271824C90022AFF1 /* Helpers */,
				413B978D27179034007B3F00 /* ContentView.swift */,
				41A71181271E93F2003DBF3A /* FeatureCard.swift */,
			);
			path = Views;
			sourceTree = "<group>";
		};
		413B97DD2717B8AC007B3F00 /* Model */ = {
			isa = PBXGroup;
			children = (
				413B97DA2717B7B8007B3F00 /* ModelData.swift */,
				413B97C227179FCD007B3F00 /* Landmark.swift */,
				4165140D2718FF3700F93575 /* Hike.swift */,
				410DFF26271BFAA600B8358C /* Profile.swift */,
			);
			path = Model;
			sourceTree = "<group>";
		};
		413B97DE2717B8DC007B3F00 /* Resources */ = {
			isa = PBXGroup;
			children = (
				4165140A2718FF1600F93575 /* hikeData.json */,
				413B97BE27179F82007B3F00 /* landmarkData.json */,
			);
			path = Resources;
			sourceTree = "<group>";
		};
		413BD145271824C90022AFF1 /* Helpers */ = {
			isa = PBXGroup;
			children = (
				413B97BC27179A51007B3F00 /* MapView.swift */,
				413B97BA271798C6007B3F00 /* CircleImage.swift */,
				413BD1432718241E0022AFF1 /* FavoriteButton.swift */,
			);
			path = Helpers;
			sourceTree = "<group>";
		};
		413BD146271824E90022AFF1 /* Landmarks */ = {
			isa = PBXGroup;
			children = (
				413B97DF2717BF71007B3F00 /* LandmarkRow.swift */,
				413BD13F27180D0B0022AFF1 /* LandmarkList.swift */,
				413BD141271810620022AFF1 /* LandmarkDetail.swift */,
			);
			path = Landmarks;
			sourceTree = "<group>";
		};
		416514092718F65B00F93575 /* Badges */ = {
			isa = PBXGroup;
			children = (
				416514012718E5D300F93575 /* BadgeBackground.swift */,
				416513FF2718E44100F93575 /* HexagonParameters.swift */,
				416514072718F11500F93575 /* Badge.swift */,
				416514052718F0BA00F93575 /* RotatedBadgeSymbol.swift */,
				416514032718EEB200F93575 /* BadgeSymbol.swift */,
			);
			path = Badges;
			sourceTree = "<group>";
		};
		416514112719003400F93575 /* Hikes */ = {
			isa = PBXGroup;
			children = (
				416514122719003400F93575 /* GraphCapsule.swift */,
				416514132719003400F93575 /* HikeGraph.swift */,
				416514142719003400F93575 /* HikeDetail.swift */,
				416514152719003400F93575 /* HikeView.swift */,
				410DFF2D271BFD1B00B8358C /* HikeBadge.swift */,
			);
			name = Hikes;
			path = ../../../../Downloads/AnimatingViewsAndTransitions/Resources/Hikes;
			sourceTree = "<group>";
		};
		4165141B27190F6D00F93575 /* Categories */ = {
			isa = PBXGroup;
			children = (
				4165141C27190F7E00F93575 /* CategoryHome.swift */,
				4165141E2719158500F93575 /* CategoryRow.swift */,
				41651420271917A100F93575 /* CategoryItem.swift */,
			);
			path = Categories;
			sourceTree = "<group>";
		};
		41A7117E271E8F14003DBF3A /* PageView */ = {
			isa = PBXGroup;
			children = (
				41A71183271E9B22003DBF3A /* PageView.swift */,
				41A7117F271E8F30003DBF3A /* PageViewController.swift */,
				41A71185271EA17E003DBF3A /* PageControl.swift */,
			);
			path = PageView;
			sourceTree = "<group>";
		};
/* End PBXGroup section */

/* Begin PBXNativeTarget section */
		413B978727179034007B3F00 /* Landmarks */ = {
			isa = PBXNativeTarget;
			buildConfigurationList = 413B97B127179036007B3F00 /* Build configuration list for PBXNativeTarget "Landmarks" */;
			buildPhases = (
				413B978427179034007B3F00 /* Sources */,
				413B978527179034007B3F00 /* Frameworks */,
				413B978627179034007B3F00 /* Resources */,
			);
			buildRules = (
			);
			dependencies = (
			);
			name = Landmarks;
			productName = Landmarks;
			productReference = 413B978827179034007B3F00 /* Landmarks.app */;
			productType = "com.apple.product-type.application";
		};
		413B979C27179036007B3F00 /* LandmarksTests */ = {
			isa = PBXNativeTarget;
			buildConfigurationList = 413B97B427179036007B3F00 /* Build configuration list for PBXNativeTarget "LandmarksTests" */;
			buildPhases = (
				413B979927179036007B3F00 /* Sources */,
				413B979A27179036007B3F00 /* Frameworks */,
				413B979B27179036007B3F00 /* Resources */,
			);
			buildRules = (
			);
			dependencies = (
				413B979F27179036007B3F00 /* PBXTargetDependency */,
			);
			name = LandmarksTests;
			productName = LandmarksTests;
			productReference = 413B979D27179036007B3F00 /* LandmarksTests.xctest */;
			productType = "com.apple.product-type.bundle.unit-test";
		};
		413B97A627179036007B3F00 /* LandmarksUITests */ = {
			isa = PBXNativeTarget;
			buildConfigurationList = 413B97B727179036007B3F00 /* Build configuration list for PBXNativeTarget "LandmarksUITests" */;
			buildPhases = (
				413B97A327179036007B3F00 /* Sources */,
				413B97A427179036007B3F00 /* Frameworks */,
				413B97A527179036007B3F00 /* Resources */,
			);
			buildRules = (
			);
			dependencies = (
				413B97A927179036007B3F00 /* PBXTargetDependency */,
			);
			name = LandmarksUITests;
			productName = LandmarksUITests;
			productReference = 413B97A727179036007B3F00 /* LandmarksUITests.xctest */;
			productType = "com.apple.product-type.bundle.ui-testing";
		};
/* End PBXNativeTarget section */

/* Begin PBXProject section */
		413B978027179034007B3F00 /* Project object */ = {
			isa = PBXProject;
			attributes = {
				BuildIndependentTargetsInParallel = 1;
				LastSwiftUpdateCheck = 1300;
				LastUpgradeCheck = 1300;
				TargetAttributes = {
					413B978727179034007B3F00 = {
						CreatedOnToolsVersion = 13.0;
					};
					413B979C27179036007B3F00 = {
						CreatedOnToolsVersion = 13.0;
						TestTargetID = 413B978727179034007B3F00;
					};
					413B97A627179036007B3F00 = {
						CreatedOnToolsVersion = 13.0;
						TestTargetID = 413B978727179034007B3F00;
					};
				};
			};
			buildConfigurationList = 413B978327179034007B3F00 /* Build configuration list for PBXProject "Landmarks" */;
			compatibilityVersion = "Xcode 13.0";
			developmentRegion = en;
			hasScannedForEncodings = 0;
			knownRegions = (
				en,
				Base,
			);
			mainGroup = 413B977F27179034007B3F00;
			productRefGroup = 413B978927179034007B3F00 /* Products */;
			projectDirPath = "";
			projectRoot = "";
			targets = (
				413B978727179034007B3F00 /* Landmarks */,
				413B979C27179036007B3F00 /* LandmarksTests */,
				413B97A627179036007B3F00 /* LandmarksUITests */,
			);
		};
/* End PBXProject section */

/* Begin PBXResourcesBuildPhase section */
		413B978627179034007B3F00 /* Resources */ = {
			isa = PBXResourcesBuildPhase;
			buildActionMask = 2147483647;
			files = (
				4165140B2718FF1600F93575 /* hikeData.json in Resources */,
				413B979327179035007B3F00 /* Preview Assets.xcassets in Resources */,
				413B979027179035007B3F00 /* Assets.xcassets in Resources */,
				413B97BF27179F82007B3F00 /* landmarkData.json in Resources */,
			);
			runOnlyForDeploymentPostprocessing = 0;
		};
		413B979B27179036007B3F00 /* Resources */ = {
			isa = PBXResourcesBuildPhase;
			buildActionMask = 2147483647;
			files = (
			);
			runOnlyForDeploymentPostprocessing = 0;
		};
		413B97A527179036007B3F00 /* Resources */ = {
			isa = PBXResourcesBuildPhase;
			buildActionMask = 2147483647;
			files = (
			);
			runOnlyForDeploymentPostprocessing = 0;
		};
/* End PBXResourcesBuildPhase section */

/* Begin PBXSourcesBuildPhase section */
		413B978427179034007B3F00 /* Sources */ = {
			isa = PBXSourcesBuildPhase;
			buildActionMask = 2147483647;
			files = (
				413B97C327179FCD007B3F00 /* Landmark.swift in Sources */,
				416514082718F11500F93575 /* Badge.swift in Sources */,
				410DFF30271C02E200B8358C /* ProfileEditor.swift in Sources */,
				410DFF2C271BFC2100B8358C /* ProfileSummary.swift in Sources */,
				413B979527179035007B3F00 /* Persistence.swift in Sources */,
				410DFF27271BFAA600B8358C /* Profile.swift in Sources */,
				413B97BD27179A51007B3F00 /* MapView.swift in Sources */,
				413BD1442718241E0022AFF1 /* FavoriteButton.swift in Sources */,
				410DFF2A271BFBE100B8358C /* ProfileHost.swift in Sources */,
				413B978E27179034007B3F00 /* ContentView.swift in Sources */,
				4165140E2718FF3700F93575 /* Hike.swift in Sources */,
				413B978C27179034007B3F00 /* LandmarksApp.swift in Sources */,
				413B97DB2717B7B8007B3F00 /* ModelData.swift in Sources */,
				413B979827179035007B3F00 /* Landmarks.xcdatamodeld in Sources */,
				41A71180271E8F30003DBF3A /* PageViewController.swift in Sources */,
				4165141F2719158500F93575 /* CategoryRow.swift in Sources */,
				416514042718EEB200F93575 /* BadgeSymbol.swift in Sources */,
				416514182719003400F93575 /* HikeDetail.swift in Sources */,
				41A71182271E93F2003DBF3A /* FeatureCard.swift in Sources */,
				41A71184271E9B22003DBF3A /* PageView.swift in Sources */,
				413B97BB271798C6007B3F00 /* CircleImage.swift in Sources */,
				416514192719003400F93575 /* HikeView.swift in Sources */,
				416514022718E5D300F93575 /* BadgeBackground.swift in Sources */,
				416514172719003400F93575 /* HikeGraph.swift in Sources */,
				416514002718E44100F93575 /* HexagonParameters.swift in Sources */,
				410DFF2E271BFD1B00B8358C /* HikeBadge.swift in Sources */,
				41651421271917A100F93575 /* CategoryItem.swift in Sources */,
				413B97E02717BF71007B3F00 /* LandmarkRow.swift in Sources */,
				413BD14027180D0B0022AFF1 /* LandmarkList.swift in Sources */,
				413BD142271810620022AFF1 /* LandmarkDetail.swift in Sources */,
				416514162719003400F93575 /* GraphCapsule.swift in Sources */,
				4165141D27190F7E00F93575 /* CategoryHome.swift in Sources */,
				41A71186271EA17E003DBF3A /* PageControl.swift in Sources */,
				416514062718F0BA00F93575 /* RotatedBadgeSymbol.swift in Sources */,
			);
			runOnlyForDeploymentPostprocessing = 0;
		};
		413B979927179036007B3F00 /* Sources */ = {
			isa = PBXSourcesBuildPhase;
			buildActionMask = 2147483647;
			files = (
				413B97A227179036007B3F00 /* LandmarksTests.swift in Sources */,
			);
			runOnlyForDeploymentPostprocessing = 0;
		};
		413B97A327179036007B3F00 /* Sources */ = {
			isa = PBXSourcesBuildPhase;
			buildActionMask = 2147483647;
			files = (
				413B97AE27179036007B3F00 /* LandmarksUITestsLaunchTests.swift in Sources */,
				413B97AC27179036007B3F00 /* LandmarksUITests.swift in Sources */,
			);
			runOnlyForDeploymentPostprocessing = 0;
		};
/* End PBXSourcesBuildPhase section */

/* Begin PBXTargetDependency section */
		413B979F27179036007B3F00 /* PBXTargetDependency */ = {
			isa = PBXTargetDependency;
			target = 413B978727179034007B3F00 /* Landmarks */;
			targetProxy = 413B979E27179036007B3F00 /* PBXContainerItemProxy */;
		};
		413B97A927179036007B3F00 /* PBXTargetDependency */ = {
			isa = PBXTargetDependency;
			target = 413B978727179034007B3F00 /* Landmarks */;
			targetProxy = 413B97A827179036007B3F00 /* PBXContainerItemProxy */;
		};
/* End PBXTargetDependency section */

/* Begin XCBuildConfiguration section */
		413B97AF27179036007B3F00 /* Debug */ = {
			isa = XCBuildConfiguration;
			buildSettings = {
				ALWAYS_SEARCH_USER_PATHS = NO;
				CLANG_ANALYZER_NONNULL = YES;
				CLANG_ANALYZER_NUMBER_OBJECT_CONVERSION = YES_AGGRESSIVE;
				CLANG_CXX_LANGUAGE_STANDARD = "gnu++17";
				CLANG_CXX_LIBRARY = "libc++";
				CLANG_ENABLE_MODULES = YES;
				CLANG_ENABLE_OBJC_ARC = YES;
				CLANG_ENABLE_OBJC_WEAK = YES;
				CLANG_WARN_BLOCK_CAPTURE_AUTORELEASING = YES;
				CLANG_WARN_BOOL_CONVERSION = YES;
				CLANG_WARN_COMMA = YES;
				CLANG_WARN_CONSTANT_CONVERSION = YES;
				CLANG_WARN_DEPRECATED_OBJC_IMPLEMENTATIONS = YES;
				CLANG_WARN_DIRECT_OBJC_ISA_USAGE = YES_ERROR;
				CLANG_WARN_DOCUMENTATION_COMMENTS = YES;
				CLANG_WARN_EMPTY_BODY = YES;
				CLANG_WARN_ENUM_CONVERSION = YES;
				CLANG_WARN_INFINITE_RECURSION = YES;
				CLANG_WARN_INT_CONVERSION = YES;
				CLANG_WARN_NON_LITERAL_NULL_CONVERSION = YES;
				CLANG_WARN_OBJC_IMPLICIT_RETAIN_SELF = YES;
				CLANG_WARN_OBJC_LITERAL_CONVERSION = YES;
				CLANG_WARN_OBJC_ROOT_CLASS = YES_ERROR;
				CLANG_WARN_QUOTED_INCLUDE_IN_FRAMEWORK_HEADER = YES;
				CLANG_WARN_RANGE_LOOP_ANALYSIS = YES;
				CLANG_WARN_STRICT_PROTOTYPES = YES;
				CLANG_WARN_SUSPICIOUS_MOVE = YES;
				CLANG_WARN_UNGUARDED_AVAILABILITY = YES_AGGRESSIVE;
				CLANG_WARN_UNREACHABLE_CODE = YES;
				CLANG_WARN__DUPLICATE_METHOD_MATCH = YES;
				COPY_PHASE_STRIP = NO;
				DEBUG_INFORMATION_FORMAT = dwarf;
				ENABLE_STRICT_OBJC_MSGSEND = YES;
				ENABLE_TESTABILITY = YES;
				GCC_C_LANGUAGE_STANDARD = gnu11;
				GCC_DYNAMIC_NO_PIC = NO;
				GCC_NO_COMMON_BLOCKS = YES;
				GCC_OPTIMIZATION_LEVEL = 0;
				GCC_PREPROCESSOR_DEFINITIONS = (
					"DEBUG=1",
					"$(inherited)",
				);
				GCC_WARN_64_TO_32_BIT_CONVERSION = YES;
				GCC_WARN_ABOUT_RETURN_TYPE = YES_ERROR;
				GCC_WARN_UNDECLARED_SELECTOR = YES;
				GCC_WARN_UNINITIALIZED_AUTOS = YES_AGGRESSIVE;
				GCC_WARN_UNUSED_FUNCTION = YES;
				GCC_WARN_UNUSED_VARIABLE = YES;
				IPHONEOS_DEPLOYMENT_TARGET = 15.0;
				MTL_ENABLE_DEBUG_INFO = INCLUDE_SOURCE;
				MTL_FAST_MATH = YES;
				ONLY_ACTIVE_ARCH = YES;
				SDKROOT = iphoneos;
				SWIFT_ACTIVE_COMPILATION_CONDITIONS = DEBUG;
				SWIFT_OPTIMIZATION_LEVEL = "-Onone";
			};
			name = Debug;
		};
		413B97B027179036007B3F00 /* Release */ = {
			isa = XCBuildConfiguration;
			buildSettings = {
				ALWAYS_SEARCH_USER_PATHS = NO;
				CLANG_ANALYZER_NONNULL = YES;
				CLANG_ANALYZER_NUMBER_OBJECT_CONVERSION = YES_AGGRESSIVE;
				CLANG_CXX_LANGUAGE_STANDARD = "gnu++17";
				CLANG_CXX_LIBRARY = "libc++";
				CLANG_ENABLE_MODULES = YES;
				CLANG_ENABLE_OBJC_ARC = YES;
				CLANG_ENABLE_OBJC_WEAK = YES;
				CLANG_WARN_BLOCK_CAPTURE_AUTORELEASING = YES;
				CLANG_WARN_BOOL_CONVERSION = YES;
				CLANG_WARN_COMMA = YES;
				CLANG_WARN_CONSTANT_CONVERSION = YES;
				CLANG_WARN_DEPRECATED_OBJC_IMPLEMENTATIONS = YES;
				CLANG_WARN_DIRECT_OBJC_ISA_USAGE = YES_ERROR;
				CLANG_WARN_DOCUMENTATION_COMMENTS = YES;
				CLANG_WARN_EMPTY_BODY = YES;
				CLANG_WARN_ENUM_CONVERSION = YES;
				CLANG_WARN_INFINITE_RECURSION = YES;
				CLANG_WARN_INT_CONVERSION = YES;
				CLANG_WARN_NON_LITERAL_NULL_CONVERSION = YES;
				CLANG_WARN_OBJC_IMPLICIT_RETAIN_SELF = YES;
				CLANG_WARN_OBJC_LITERAL_CONVERSION = YES;
				CLANG_WARN_OBJC_ROOT_CLASS = YES_ERROR;
				CLANG_WARN_QUOTED_INCLUDE_IN_FRAMEWORK_HEADER = YES;
				CLANG_WARN_RANGE_LOOP_ANALYSIS = YES;
				CLANG_WARN_STRICT_PROTOTYPES = YES;
				CLANG_WARN_SUSPICIOUS_MOVE = YES;
				CLANG_WARN_UNGUARDED_AVAILABILITY = YES_AGGRESSIVE;
				CLANG_WARN_UNREACHABLE_CODE = YES;
				CLANG_WARN__DUPLICATE_METHOD_MATCH = YES;
				COPY_PHASE_STRIP = NO;
				DEBUG_INFORMATION_FORMAT = "dwarf-with-dsym";
				ENABLE_NS_ASSERTIONS = NO;
				ENABLE_STRICT_OBJC_MSGSEND = YES;
				GCC_C_LANGUAGE_STANDARD = gnu11;
				GCC_NO_COMMON_BLOCKS = YES;
				GCC_WARN_64_TO_32_BIT_CONVERSION = YES;
				GCC_WARN_ABOUT_RETURN_TYPE = YES_ERROR;
				GCC_WARN_UNDECLARED_SELECTOR = YES;
				GCC_WARN_UNINITIALIZED_AUTOS = YES_AGGRESSIVE;
				GCC_WARN_UNUSED_FUNCTION = YES;
				GCC_WARN_UNUSED_VARIABLE = YES;
				IPHONEOS_DEPLOYMENT_TARGET = 15.0;
				MTL_ENABLE_DEBUG_INFO = NO;
				MTL_FAST_MATH = YES;
				SDKROOT = iphoneos;
				SWIFT_COMPILATION_MODE = wholemodule;
				SWIFT_OPTIMIZATION_LEVEL = "-O";
				VALIDATE_PRODUCT = YES;
			};
			name = Release;
		};
		413B97B227179036007B3F00 /* Debug */ = {
			isa = XCBuildConfiguration;
			buildSettings = {
				ASSETCATALOG_COMPILER_APPICON_NAME = AppIcon;
				ASSETCATALOG_COMPILER_GLOBAL_ACCENT_COLOR_NAME = AccentColor;
				CODE_SIGN_STYLE = Automatic;
				CURRENT_PROJECT_VERSION = 1;
				DEVELOPMENT_ASSET_PATHS = "\"Landmarks/Preview Content\"";
				DEVELOPMENT_TEAM = QQ3WZ53R3M;
				ENABLE_PREVIEWS = YES;
				GENERATE_INFOPLIST_FILE = YES;
				INFOPLIST_KEY_UIApplicationSceneManifest_Generation = YES;
				INFOPLIST_KEY_UIApplicationSupportsIndirectInputEvents = YES;
				INFOPLIST_KEY_UILaunchScreen_Generation = YES;
				INFOPLIST_KEY_UISupportedInterfaceOrientations_iPad = "UIInterfaceOrientationPortrait UIInterfaceOrientationPortraitUpsideDown UIInterfaceOrientationLandscapeLeft UIInterfaceOrientationLandscapeRight";
				INFOPLIST_KEY_UISupportedInterfaceOrientations_iPhone = "UIInterfaceOrientationPortrait UIInterfaceOrientationLandscapeLeft UIInterfaceOrientationLandscapeRight";
				IPHONEOS_DEPLOYMENT_TARGET = 14.0;
				LD_RUNPATH_SEARCH_PATHS = (
					"$(inherited)",
					"@executable_path/Frameworks",
				);
				MARKETING_VERSION = 1.0;
				PRODUCT_BUNDLE_IDENTIFIER = bipt.Landmarks;
				PRODUCT_NAME = "$(TARGET_NAME)";
				SWIFT_EMIT_LOC_STRINGS = YES;
				SWIFT_VERSION = 5.0;
				TARGETED_DEVICE_FAMILY = "1,2";
			};
			name = Debug;
		};
		413B97B327179036007B3F00 /* Release */ = {
			isa = XCBuildConfiguration;
			buildSettings = {
				ASSETCATALOG_COMPILER_APPICON_NAME = AppIcon;
				ASSETCATALOG_COMPILER_GLOBAL_ACCENT_COLOR_NAME = AccentColor;
				CODE_SIGN_STYLE = Automatic;
				CURRENT_PROJECT_VERSION = 1;
				DEVELOPMENT_ASSET_PATHS = "\"Landmarks/Preview Content\"";
				DEVELOPMENT_TEAM = QQ3WZ53R3M;
				ENABLE_PREVIEWS = YES;
				GENERATE_INFOPLIST_FILE = YES;
				INFOPLIST_KEY_UIApplicationSceneManifest_Generation = YES;
				INFOPLIST_KEY_UIApplicationSupportsIndirectInputEvents = YES;
				INFOPLIST_KEY_UILaunchScreen_Generation = YES;
				INFOPLIST_KEY_UISupportedInterfaceOrientations_iPad = "UIInterfaceOrientationPortrait UIInterfaceOrientationPortraitUpsideDown UIInterfaceOrientationLandscapeLeft UIInterfaceOrientationLandscapeRight";
				INFOPLIST_KEY_UISupportedInterfaceOrientations_iPhone = "UIInterfaceOrientationPortrait UIInterfaceOrientationLandscapeLeft UIInterfaceOrientationLandscapeRight";
				IPHONEOS_DEPLOYMENT_TARGET = 14.0;
				LD_RUNPATH_SEARCH_PATHS = (
					"$(inherited)",
					"@executable_path/Frameworks",
				);
				MARKETING_VERSION = 1.0;
				PRODUCT_BUNDLE_IDENTIFIER = bipt.Landmarks;
				PRODUCT_NAME = "$(TARGET_NAME)";
				SWIFT_EMIT_LOC_STRINGS = YES;
				SWIFT_VERSION = 5.0;
				TARGETED_DEVICE_FAMILY = "1,2";
			};
			name = Release;
		};
		413B97B527179036007B3F00 /* Debug */ = {
			isa = XCBuildConfiguration;
			buildSettings = {
				ALWAYS_EMBED_SWIFT_STANDARD_LIBRARIES = YES;
				BUNDLE_LOADER = "$(TEST_HOST)";
				CODE_SIGN_STYLE = Automatic;
				CURRENT_PROJECT_VERSION = 1;
				GENERATE_INFOPLIST_FILE = YES;
				IPHONEOS_DEPLOYMENT_TARGET = 14.0;
				LD_RUNPATH_SEARCH_PATHS = (
					"$(inherited)",
					"@executable_path/Frameworks",
					"@loader_path/Frameworks",
				);
				MARKETING_VERSION = 1.0;
				PRODUCT_BUNDLE_IDENTIFIER = bipt.LandmarksTests;
				PRODUCT_NAME = "$(TARGET_NAME)";
				SWIFT_EMIT_LOC_STRINGS = NO;
				SWIFT_VERSION = 5.0;
				TARGETED_DEVICE_FAMILY = "1,2";
				TEST_HOST = "$(BUILT_PRODUCTS_DIR)/Landmarks.app/Landmarks";
			};
			name = Debug;
		};
		413B97B627179036007B3F00 /* Release */ = {
			isa = XCBuildConfiguration;
			buildSettings = {
				ALWAYS_EMBED_SWIFT_STANDARD_LIBRARIES = YES;
				BUNDLE_LOADER = "$(TEST_HOST)";
				CODE_SIGN_STYLE = Automatic;
				CURRENT_PROJECT_VERSION = 1;
				GENERATE_INFOPLIST_FILE = YES;
				IPHONEOS_DEPLOYMENT_TARGET = 14.0;
				LD_RUNPATH_SEARCH_PATHS = (
					"$(inherited)",
					"@executable_path/Frameworks",
					"@loader_path/Frameworks",
				);
				MARKETING_VERSION = 1.0;
				PRODUCT_BUNDLE_IDENTIFIER = bipt.LandmarksTests;
				PRODUCT_NAME = "$(TARGET_NAME)";
				SWIFT_EMIT_LOC_STRINGS = NO;
				SWIFT_VERSION = 5.0;
				TARGETED_DEVICE_FAMILY = "1,2";
				TEST_HOST = "$(BUILT_PRODUCTS_DIR)/Landmarks.app/Landmarks";
			};
			name = Release;
		};
		413B97B827179036007B3F00 /* Debug */ = {
			isa = XCBuildConfiguration;
			buildSettings = {
				ALWAYS_EMBED_SWIFT_STANDARD_LIBRARIES = YES;
				CODE_SIGN_STYLE = Automatic;
				CURRENT_PROJECT_VERSION = 1;
				GENERATE_INFOPLIST_FILE = YES;
				LD_RUNPATH_SEARCH_PATHS = (
					"$(inherited)",
					"@executable_path/Frameworks",
					"@loader_path/Frameworks",
				);
				MARKETING_VERSION = 1.0;
				PRODUCT_BUNDLE_IDENTIFIER = bipt.LandmarksUITests;
				PRODUCT_NAME = "$(TARGET_NAME)";
				SWIFT_EMIT_LOC_STRINGS = NO;
				SWIFT_VERSION = 5.0;
				TARGETED_DEVICE_FAMILY = "1,2";
				TEST_TARGET_NAME = Landmarks;
			};
			name = Debug;
		};
		413B97B927179036007B3F00 /* Release */ = {
			isa = XCBuildConfiguration;
			buildSettings = {
				ALWAYS_EMBED_SWIFT_STANDARD_LIBRARIES = YES;
				CODE_SIGN_STYLE = Automatic;
				CURRENT_PROJECT_VERSION = 1;
				GENERATE_INFOPLIST_FILE = YES;
				LD_RUNPATH_SEARCH_PATHS = (
					"$(inherited)",
					"@executable_path/Frameworks",
					"@loader_path/Frameworks",
				);
				MARKETING_VERSION = 1.0;
				PRODUCT_BUNDLE_IDENTIFIER = bipt.LandmarksUITests;
				PRODUCT_NAME = "$(TARGET_NAME)";
				SWIFT_EMIT_LOC_STRINGS = NO;
				SWIFT_VERSION = 5.0;
				TARGETED_DEVICE_FAMILY = "1,2";
				TEST_TARGET_NAME = Landmarks;
			};
			name = Release;
		};
/* End XCBuildConfiguration section */

/* Begin XCConfigurationList section */
		413B978327179034007B3F00 /* Build configuration list for PBXProject "Landmarks" */ = {
			isa = XCConfigurationList;
			buildConfigurations = (
				413B97AF27179036007B3F00 /* Debug */,
				413B97B027179036007B3F00 /* Release */,
			);
			defaultConfigurationIsVisible = 0;
			defaultConfigurationName = Release;
		};
		413B97B127179036007B3F00 /* Build configuration list for PBXNativeTarget "Landmarks" */ = {
			isa = XCConfigurationList;
			buildConfigurations = (
				413B97B227179036007B3F00 /* Debug */,
				413B97B327179036007B3F00 /* Release */,
			);
			defaultConfigurationIsVisible = 0;
			defaultConfigurationName = Release;
		};
		413B97B427179036007B3F00 /* Build configuration list for PBXNativeTarget "LandmarksTests" */ = {
			isa = XCConfigurationList;
			buildConfigurations = (
				413B97B527179036007B3F00 /* Debug */,
				413B97B627179036007B3F00 /* Release */,
			);
			defaultConfigurationIsVisible = 0;
			defaultConfigurationName = Release;
		};
		413B97B727179036007B3F00 /* Build configuration list for PBXNativeTarget "LandmarksUITests" */ = {
			isa = XCConfigurationList;
			buildConfigurations = (
				413B97B827179036007B3F00 /* Debug */,
				413B97B927179036007B3F00 /* Release */,
			);
			defaultConfigurationIsVisible = 0;
			defaultConfigurationName = Release;
		};
/* End XCConfigurationList section */

/* Begin XCVersionGroup section */
		413B979627179035007B3F00 /* Landmarks.xcdatamodeld */ = {
			isa = XCVersionGroup;
			children = (
				413B979727179035007B3F00 /* Landmarks.xcdatamodel */,
			);
			currentVersion = 413B979727179035007B3F00 /* Landmarks.xcdatamodel */;
			path = Landmarks.xcdatamodeld;
			sourceTree = "<group>";
			versionGroupType = wrapper.xcdatamodel;
		};
/* End XCVersionGroup section */
	};
	rootObject = 413B978027179034007B3F00 /* Project object */;
}
